// !$*UTF8*$!
{
	archiveVersion = 1;
	classes = {
	};
	objectVersion = 77;
	objects = {

/* Begin PBXBuildFile section */
		507D3BD32D60462300D3A916 /* FirebaseAnalytics in Frameworks */ = {isa = PBXBuildFile; productRef = 507D3BD22D60462300D3A916 /* FirebaseAnalytics */; };
		507D3BD52D60462300D3A916 /* FirebaseAnalyticsOnDeviceConversion in Frameworks */ = {isa = PBXBuildFile; productRef = 507D3BD42D60462300D3A916 /* FirebaseAnalyticsOnDeviceConversion */; };
		507D3BD72D60462300D3A916 /* FirebaseAnalyticsWithoutAdIdSupport in Frameworks */ = {isa = PBXBuildFile; productRef = 507D3BD62D60462300D3A916 /* FirebaseAnalyticsWithoutAdIdSupport */; };
		507D3BD92D60462300D3A916 /* FirebaseAppCheck in Frameworks */ = {isa = PBXBuildFile; productRef = 507D3BD82D60462300D3A916 /* FirebaseAppCheck */; };
		507D3BDB2D60462300D3A916 /* FirebaseAppDistribution-Beta in Frameworks */ = {isa = PBXBuildFile; productRef = 507D3BDA2D60462300D3A916 /* FirebaseAppDistribution-Beta */; };
		507D3BDD2D60462300D3A916 /* FirebaseAuth in Frameworks */ = {isa = PBXBuildFile; productRef = 507D3BDC2D60462300D3A916 /* FirebaseAuth */; };
		507D3BDF2D60462300D3A916 /* FirebaseAuthCombine-Community in Frameworks */ = {isa = PBXBuildFile; productRef = 507D3BDE2D60462300D3A916 /* FirebaseAuthCombine-Community */; };
		507D3BE12D60462300D3A916 /* FirebaseCore in Frameworks */ = {isa = PBXBuildFile; productRef = 507D3BE02D60462300D3A916 /* FirebaseCore */; };
		507D3BE32D60462300D3A916 /* FirebaseCrashlytics in Frameworks */ = {isa = PBXBuildFile; productRef = 507D3BE22D60462300D3A916 /* FirebaseCrashlytics */; };
		507D3BE52D60462300D3A916 /* FirebaseDatabase in Frameworks */ = {isa = PBXBuildFile; productRef = 507D3BE42D60462300D3A916 /* FirebaseDatabase */; };
		507D3BE72D60462300D3A916 /* FirebaseDynamicLinks in Frameworks */ = {isa = PBXBuildFile; productRef = 507D3BE62D60462300D3A916 /* FirebaseDynamicLinks */; };
		507D3BE92D60462300D3A916 /* FirebaseFirestore in Frameworks */ = {isa = PBXBuildFile; productRef = 507D3BE82D60462300D3A916 /* FirebaseFirestore */; };
		507D3BEB2D60462300D3A916 /* FirebaseFirestoreCombine-Community in Frameworks */ = {isa = PBXBuildFile; productRef = 507D3BEA2D60462300D3A916 /* FirebaseFirestoreCombine-Community */; };
		507D3BED2D60462300D3A916 /* FirebaseFunctions in Frameworks */ = {isa = PBXBuildFile; productRef = 507D3BEC2D60462300D3A916 /* FirebaseFunctions */; };
		507D3BEF2D60462300D3A916 /* FirebaseFunctionsCombine-Community in Frameworks */ = {isa = PBXBuildFile; productRef = 507D3BEE2D60462300D3A916 /* FirebaseFunctionsCombine-Community */; };
		507D3BF12D60462300D3A916 /* FirebaseInAppMessaging-Beta in Frameworks */ = {isa = PBXBuildFile; productRef = 507D3BF02D60462300D3A916 /* FirebaseInAppMessaging-Beta */; };
		507D3BF32D60462300D3A916 /* FirebaseInstallations in Frameworks */ = {isa = PBXBuildFile; productRef = 507D3BF22D60462300D3A916 /* FirebaseInstallations */; };
		507D3BF52D60462300D3A916 /* FirebaseMLModelDownloader in Frameworks */ = {isa = PBXBuildFile; productRef = 507D3BF42D60462300D3A916 /* FirebaseMLModelDownloader */; };
		507D3BF72D60462300D3A916 /* FirebaseMessaging in Frameworks */ = {isa = PBXBuildFile; productRef = 507D3BF62D60462300D3A916 /* FirebaseMessaging */; };
		507D3BF92D60462300D3A916 /* FirebasePerformance in Frameworks */ = {isa = PBXBuildFile; productRef = 507D3BF82D60462300D3A916 /* FirebasePerformance */; };
		507D3BFB2D60462300D3A916 /* FirebaseRemoteConfig in Frameworks */ = {isa = PBXBuildFile; productRef = 507D3BFA2D60462300D3A916 /* FirebaseRemoteConfig */; };
		507D3BFD2D60462300D3A916 /* FirebaseStorage in Frameworks */ = {isa = PBXBuildFile; productRef = 507D3BFC2D60462300D3A916 /* FirebaseStorage */; };
		507D3BFF2D60462300D3A916 /* FirebaseStorageCombine-Community in Frameworks */ = {isa = PBXBuildFile; productRef = 507D3BFE2D60462300D3A916 /* FirebaseStorageCombine-Community */; };
		507D3C012D60462300D3A916 /* FirebaseVertexAI in Frameworks */ = {isa = PBXBuildFile; productRef = 507D3C002D60462300D3A916 /* FirebaseVertexAI */; };
/* End PBXBuildFile section */

/* Begin PBXFileReference section */
		50F1AE5D2D5EFCE100336881 /* SwiftUiFireBaseLogin.app */ = {isa = PBXFileReference; explicitFileType = wrapper.application; includeInIndex = 0; path = SwiftUiFireBaseLogin.app; sourceTree = BUILT_PRODUCTS_DIR; };
/* End PBXFileReference section */

/* Begin PBXFileSystemSynchronizedRootGroup section */
		50F1AE5F2D5EFCE100336881 /* SwiftUiFireBaseLogin */ = {
			isa = PBXFileSystemSynchronizedRootGroup;
			path = SwiftUiFireBaseLogin;
			sourceTree = "<group>";
		};
/* End PBXFileSystemSynchronizedRootGroup section */

/* Begin PBXFrameworksBuildPhase section */
		50F1AE5A2D5EFCE100336881 /* Frameworks */ = {
			isa = PBXFrameworksBuildPhase;
			buildActionMask = 2147483647;
			files = (
				507D3BEB2D60462300D3A916 /* FirebaseFirestoreCombine-Community in Frameworks */,
				507D3C012D60462300D3A916 /* FirebaseVertexAI in Frameworks */,
				507D3BED2D60462300D3A916 /* FirebaseFunctions in Frameworks */,
				507D3BF92D60462300D3A916 /* FirebasePerformance in Frameworks */,
				507D3BFF2D60462300D3A916 /* FirebaseStorageCombine-Community in Frameworks */,
				507D3BFB2D60462300D3A916 /* FirebaseRemoteConfig in Frameworks */,
				507D3BE52D60462300D3A916 /* FirebaseDatabase in Frameworks */,
				507D3BE72D60462300D3A916 /* FirebaseDynamicLinks in Frameworks */,
				507D3BD92D60462300D3A916 /* FirebaseAppCheck in Frameworks */,
				507D3BDD2D60462300D3A916 /* FirebaseAuth in Frameworks */,
				507D3BD32D60462300D3A916 /* FirebaseAnalytics in Frameworks */,
				507D3BE92D60462300D3A916 /* FirebaseFirestore in Frameworks */,
				507D3BF72D60462300D3A916 /* FirebaseMessaging in Frameworks */,
				507D3BF32D60462300D3A916 /* FirebaseInstallations in Frameworks */,
				507D3BEF2D60462300D3A916 /* FirebaseFunctionsCombine-Community in Frameworks */,
				507D3BDB2D60462300D3A916 /* FirebaseAppDistribution-Beta in Frameworks */,
				507D3BD72D60462300D3A916 /* FirebaseAnalyticsWithoutAdIdSupport in Frameworks */,
				507D3BF12D60462300D3A916 /* FirebaseInAppMessaging-Beta in Frameworks */,
				507D3BDF2D60462300D3A916 /* FirebaseAuthCombine-Community in Frameworks */,
				507D3BE32D60462300D3A916 /* FirebaseCrashlytics in Frameworks */,
				507D3BF52D60462300D3A916 /* FirebaseMLModelDownloader in Frameworks */,
				507D3BFD2D60462300D3A916 /* FirebaseStorage in Frameworks */,
				507D3BE12D60462300D3A916 /* FirebaseCore in Frameworks */,
				507D3BD52D60462300D3A916 /* FirebaseAnalyticsOnDeviceConversion in Frameworks */,
			);
			runOnlyForDeploymentPostprocessing = 0;
		};
/* End PBXFrameworksBuildPhase section */

/* Begin PBXGroup section */
		50F1AE542D5EFCE100336881 = {
			isa = PBXGroup;
			children = (
				50F1AE5F2D5EFCE100336881 /* SwiftUiFireBaseLogin */,
				50F1AE5E2D5EFCE100336881 /* Products */,
			);
			sourceTree = "<group>";
		};
		50F1AE5E2D5EFCE100336881 /* Products */ = {
			isa = PBXGroup;
			children = (
				50F1AE5D2D5EFCE100336881 /* SwiftUiFireBaseLogin.app */,
			);
			name = Products;
			sourceTree = "<group>";
		};
/* End PBXGroup section */

/* Begin PBXNativeTarget section */
		50F1AE5C2D5EFCE100336881 /* SwiftUiFireBaseLogin */ = {
			isa = PBXNativeTarget;
			buildConfigurationList = 50F1AE6B2D5EFCE200336881 /* Build configuration list for PBXNativeTarget "SwiftUiFireBaseLogin" */;
			buildPhases = (
				50F1AE592D5EFCE100336881 /* Sources */,
				50F1AE5A2D5EFCE100336881 /* Frameworks */,
				50F1AE5B2D5EFCE100336881 /* Resources */,
			);
			buildRules = (
			);
			dependencies = (
			);
			fileSystemSynchronizedGroups = (
				50F1AE5F2D5EFCE100336881 /* SwiftUiFireBaseLogin */,
			);
			name = SwiftUiFireBaseLogin;
			packageProductDependencies = (
				507D3BD22D60462300D3A916 /* FirebaseAnalytics */,
				507D3BD42D60462300D3A916 /* FirebaseAnalyticsOnDeviceConversion */,
				507D3BD62D60462300D3A916 /* FirebaseAnalyticsWithoutAdIdSupport */,
				507D3BD82D60462300D3A916 /* FirebaseAppCheck */,
				507D3BDA2D60462300D3A916 /* FirebaseAppDistribution-Beta */,
				507D3BDC2D60462300D3A916 /* FirebaseAuth */,
				507D3BDE2D60462300D3A916 /* FirebaseAuthCombine-Community */,
				507D3BE02D60462300D3A916 /* FirebaseCore */,
				507D3BE22D60462300D3A916 /* FirebaseCrashlytics */,
				507D3BE42D60462300D3A916 /* FirebaseDatabase */,
				507D3BE62D60462300D3A916 /* FirebaseDynamicLinks */,
				507D3BE82D60462300D3A916 /* FirebaseFirestore */,
				507D3BEA2D60462300D3A916 /* FirebaseFirestoreCombine-Community */,
				507D3BEC2D60462300D3A916 /* FirebaseFunctions */,
				507D3BEE2D60462300D3A916 /* FirebaseFunctionsCombine-Community */,
				507D3BF02D60462300D3A916 /* FirebaseInAppMessaging-Beta */,
				507D3BF22D60462300D3A916 /* FirebaseInstallations */,
				507D3BF42D60462300D3A916 /* FirebaseMLModelDownloader */,
				507D3BF62D60462300D3A916 /* FirebaseMessaging */,
				507D3BF82D60462300D3A916 /* FirebasePerformance */,
				507D3BFA2D60462300D3A916 /* FirebaseRemoteConfig */,
				507D3BFC2D60462300D3A916 /* FirebaseStorage */,
				507D3BFE2D60462300D3A916 /* FirebaseStorageCombine-Community */,
				507D3C002D60462300D3A916 /* FirebaseVertexAI */,
			);
			productName = SwiftUiFireBaseLogin;
			productReference = 50F1AE5D2D5EFCE100336881 /* SwiftUiFireBaseLogin.app */;
			productType = "com.apple.product-type.application";
		};
/* End PBXNativeTarget section */

/* Begin PBXProject section */
		50F1AE552D5EFCE100336881 /* Project object */ = {
			isa = PBXProject;
			attributes = {
				BuildIndependentTargetsInParallel = 1;
				LastSwiftUpdateCheck = 1620;
				LastUpgradeCheck = 1620;
				TargetAttributes = {
					50F1AE5C2D5EFCE100336881 = {
						CreatedOnToolsVersion = 16.2;
					};
				};
			};
			buildConfigurationList = 50F1AE582D5EFCE100336881 /* Build configuration list for PBXProject "SwiftUiFireBaseLogin" */;
			developmentRegion = en;
			hasScannedForEncodings = 0;
			knownRegions = (
				en,
				Base,
			);
			mainGroup = 50F1AE542D5EFCE100336881;
			minimizedProjectReferenceProxies = 1;
			packageReferences = (
				507D3BD12D60462300D3A916 /* XCRemoteSwiftPackageReference "firebase-ios-sdk" */,
			);
			preferredProjectObjectVersion = 77;
			productRefGroup = 50F1AE5E2D5EFCE100336881 /* Products */;
			projectDirPath = "";
			projectRoot = "";
			targets = (
				50F1AE5C2D5EFCE100336881 /* SwiftUiFireBaseLogin */,
			);
		};
/* End PBXProject section */

/* Begin PBXResourcesBuildPhase section */
		50F1AE5B2D5EFCE100336881 /* Resources */ = {
			isa = PBXResourcesBuildPhase;
			buildActionMask = 2147483647;
			files = (
			);
			runOnlyForDeploymentPostprocessing = 0;
		};
/* End PBXResourcesBuildPhase section */

/* Begin PBXSourcesBuildPhase section */
		50F1AE592D5EFCE100336881 /* Sources */ = {
			isa = PBXSourcesBuildPhase;
			buildActionMask = 2147483647;
			files = (
			);
			runOnlyForDeploymentPostprocessing = 0;
		};
/* End PBXSourcesBuildPhase section */

/* Begin XCBuildConfiguration section */
		50F1AE692D5EFCE200336881 /* Debug */ = {
			isa = XCBuildConfiguration;
			buildSettings = {
				ALWAYS_SEARCH_USER_PATHS = NO;
				ASSETCATALOG_COMPILER_GENERATE_SWIFT_ASSET_SYMBOL_EXTENSIONS = YES;
				CLANG_ANALYZER_NONNULL = YES;
				CLANG_ANALYZER_NUMBER_OBJECT_CONVERSION = YES_AGGRESSIVE;
				CLANG_CXX_LANGUAGE_STANDARD = "gnu++20";
				CLANG_ENABLE_MODULES = YES;
				CLANG_ENABLE_OBJC_ARC = YES;
				CLANG_ENABLE_OBJC_WEAK = YES;
				CLANG_WARN_BLOCK_CAPTURE_AUTORELEASING = YES;
				CLANG_WARN_BOOL_CONVERSION = YES;
				CLANG_WARN_COMMA = YES;
				CLANG_WARN_CONSTANT_CONVERSION = YES;
				CLANG_WARN_DEPRECATED_OBJC_IMPLEMENTATIONS = YES;
				CLANG_WARN_DIRECT_OBJC_ISA_USAGE = YES_ERROR;
				CLANG_WARN_DOCUMENTATION_COMMENTS = YES;
				CLANG_WARN_EMPTY_BODY = YES;
				CLANG_WARN_ENUM_CONVERSION = YES;
				CLANG_WARN_INFINITE_RECURSION = YES;
				CLANG_WARN_INT_CONVERSION = YES;
				CLANG_WARN_NON_LITERAL_NULL_CONVERSION = YES;
				CLANG_WARN_OBJC_IMPLICIT_RETAIN_SELF = YES;
				CLANG_WARN_OBJC_LITERAL_CONVERSION = YES;
				CLANG_WARN_OBJC_ROOT_CLASS = YES_ERROR;
				CLANG_WARN_QUOTED_INCLUDE_IN_FRAMEWORK_HEADER = YES;
				CLANG_WARN_RANGE_LOOP_ANALYSIS = YES;
				CLANG_WARN_STRICT_PROTOTYPES = YES;
				CLANG_WARN_SUSPICIOUS_MOVE = YES;
				CLANG_WARN_UNGUARDED_AVAILABILITY = YES_AGGRESSIVE;
				CLANG_WARN_UNREACHABLE_CODE = YES;
				CLANG_WARN__DUPLICATE_METHOD_MATCH = YES;
				COPY_PHASE_STRIP = NO;
				DEBUG_INFORMATION_FORMAT = dwarf;
				ENABLE_STRICT_OBJC_MSGSEND = YES;
				ENABLE_TESTABILITY = YES;
				ENABLE_USER_SCRIPT_SANDBOXING = YES;
				GCC_C_LANGUAGE_STANDARD = gnu17;
				GCC_DYNAMIC_NO_PIC = NO;
				GCC_NO_COMMON_BLOCKS = YES;
				GCC_OPTIMIZATION_LEVEL = 0;
				GCC_PREPROCESSOR_DEFINITIONS = (
					"DEBUG=1",
					"$(inherited)",
				);
				GCC_WARN_64_TO_32_BIT_CONVERSION = YES;
				GCC_WARN_ABOUT_RETURN_TYPE = YES_ERROR;
				GCC_WARN_UNDECLARED_SELECTOR = YES;
				GCC_WARN_UNINITIALIZED_AUTOS = YES_AGGRESSIVE;
				GCC_WARN_UNUSED_FUNCTION = YES;
				GCC_WARN_UNUSED_VARIABLE = YES;
				IPHONEOS_DEPLOYMENT_TARGET = 18.2;
				LOCALIZATION_PREFERS_STRING_CATALOGS = YES;
				MTL_ENABLE_DEBUG_INFO = INCLUDE_SOURCE;
				MTL_FAST_MATH = YES;
				ONLY_ACTIVE_ARCH = YES;
				SDKROOT = iphoneos;
				SWIFT_ACTIVE_COMPILATION_CONDITIONS = "DEBUG $(inherited)";
				SWIFT_OPTIMIZATION_LEVEL = "-Onone";
			};
			name = Debug;
		};
		50F1AE6A2D5EFCE200336881 /* Release */ = {
			isa = XCBuildConfiguration;
			buildSettings = {
				ALWAYS_SEARCH_USER_PATHS = NO;
				ASSETCATALOG_COMPILER_GENERATE_SWIFT_ASSET_SYMBOL_EXTENSIONS = YES;
				CLANG_ANALYZER_NONNULL = YES;
				CLANG_ANALYZER_NUMBER_OBJECT_CONVERSION = YES_AGGRESSIVE;
				CLANG_CXX_LANGUAGE_STANDARD = "gnu++20";
				CLANG_ENABLE_MODULES = YES;
				CLANG_ENABLE_OBJC_ARC = YES;
				CLANG_ENABLE_OBJC_WEAK = YES;
				CLANG_WARN_BLOCK_CAPTURE_AUTORELEASING = YES;
				CLANG_WARN_BOOL_CONVERSION = YES;
				CLANG_WARN_COMMA = YES;
				CLANG_WARN_CONSTANT_CONVERSION = YES;
				CLANG_WARN_DEPRECATED_OBJC_IMPLEMENTATIONS = YES;
				CLANG_WARN_DIRECT_OBJC_ISA_USAGE = YES_ERROR;
				CLANG_WARN_DOCUMENTATION_COMMENTS = YES;
				CLANG_WARN_EMPTY_BODY = YES;
				CLANG_WARN_ENUM_CONVERSION = YES;
				CLANG_WARN_INFINITE_RECURSION = YES;
				CLANG_WARN_INT_CONVERSION = YES;
				CLANG_WARN_NON_LITERAL_NULL_CONVERSION = YES;
				CLANG_WARN_OBJC_IMPLICIT_RETAIN_SELF = YES;
				CLANG_WARN_OBJC_LITERAL_CONVERSION = YES;
				CLANG_WARN_OBJC_ROOT_CLASS = YES_ERROR;
				CLANG_WARN_QUOTED_INCLUDE_IN_FRAMEWORK_HEADER = YES;
				CLANG_WARN_RANGE_LOOP_ANALYSIS = YES;
				CLANG_WARN_STRICT_PROTOTYPES = YES;
				CLANG_WARN_SUSPICIOUS_MOVE = YES;
				CLANG_WARN_UNGUARDED_AVAILABILITY = YES_AGGRESSIVE;
				CLANG_WARN_UNREACHABLE_CODE = YES;
				CLANG_WARN__DUPLICATE_METHOD_MATCH = YES;
				COPY_PHASE_STRIP = NO;
				DEBUG_INFORMATION_FORMAT = "dwarf-with-dsym";
				ENABLE_NS_ASSERTIONS = NO;
				ENABLE_STRICT_OBJC_MSGSEND = YES;
				ENABLE_USER_SCRIPT_SANDBOXING = YES;
				GCC_C_LANGUAGE_STANDARD = gnu17;
				GCC_NO_COMMON_BLOCKS = YES;
				GCC_WARN_64_TO_32_BIT_CONVERSION = YES;
				GCC_WARN_ABOUT_RETURN_TYPE = YES_ERROR;
				GCC_WARN_UNDECLARED_SELECTOR = YES;
				GCC_WARN_UNINITIALIZED_AUTOS = YES_AGGRESSIVE;
				GCC_WARN_UNUSED_FUNCTION = YES;
				GCC_WARN_UNUSED_VARIABLE = YES;
				IPHONEOS_DEPLOYMENT_TARGET = 18.2;
				LOCALIZATION_PREFERS_STRING_CATALOGS = YES;
				MTL_ENABLE_DEBUG_INFO = NO;
				MTL_FAST_MATH = YES;
				SDKROOT = iphoneos;
				SWIFT_COMPILATION_MODE = wholemodule;
				VALIDATE_PRODUCT = YES;
			};
			name = Release;
		};
		50F1AE6C2D5EFCE200336881 /* Debug */ = {
			isa = XCBuildConfiguration;
			buildSettings = {
				ASSETCATALOG_COMPILER_APPICON_NAME = AppIcon;
				ASSETCATALOG_COMPILER_GLOBAL_ACCENT_COLOR_NAME = AccentColor;
				CODE_SIGN_STYLE = Automatic;
				CURRENT_PROJECT_VERSION = 1;
				DEVELOPMENT_ASSET_PATHS = "\"SwiftUiFireBaseLogin/Preview Content\"";
				ENABLE_PREVIEWS = YES;
				GENERATE_INFOPLIST_FILE = YES;
				INFOPLIST_KEY_LSApplicationCategoryType = "public.app-category.business";
				INFOPLIST_KEY_UIApplicationSceneManifest_Generation = YES;
				INFOPLIST_KEY_UIApplicationSupportsIndirectInputEvents = YES;
				INFOPLIST_KEY_UILaunchScreen_Generation = YES;
				INFOPLIST_KEY_UISupportedInterfaceOrientations_iPad = "UIInterfaceOrientationPortrait UIInterfaceOrientationPortraitUpsideDown UIInterfaceOrientationLandscapeLeft UIInterfaceOrientationLandscapeRight";
				INFOPLIST_KEY_UISupportedInterfaceOrientations_iPhone = "UIInterfaceOrientationPortrait UIInterfaceOrientationLandscapeLeft UIInterfaceOrientationLandscapeRight";
				LD_RUNPATH_SEARCH_PATHS = (
					"$(inherited)",
					"@executable_path/Frameworks",
				);
				MARKETING_VERSION = 1.0;
				PRODUCT_BUNDLE_IDENTIFIER = com.SwiftUiFireBaseLogin;
				PRODUCT_NAME = "$(TARGET_NAME)";
				SWIFT_EMIT_LOC_STRINGS = YES;
				SWIFT_VERSION = 5.0;
				TARGETED_DEVICE_FAMILY = "1,2";
			};
			name = Debug;
		};
		50F1AE6D2D5EFCE200336881 /* Release */ = {
			isa = XCBuildConfiguration;
			buildSettings = {
				ASSETCATALOG_COMPILER_APPICON_NAME = AppIcon;
				ASSETCATALOG_COMPILER_GLOBAL_ACCENT_COLOR_NAME = AccentColor;
				CODE_SIGN_STYLE = Automatic;
				CURRENT_PROJECT_VERSION = 1;
				DEVELOPMENT_ASSET_PATHS = "\"SwiftUiFireBaseLogin/Preview Content\"";
				ENABLE_PREVIEWS = YES;
				GENERATE_INFOPLIST_FILE = YES;
				INFOPLIST_KEY_LSApplicationCategoryType = "public.app-category.business";
				INFOPLIST_KEY_UIApplicationSceneManifest_Generation = YES;
				INFOPLIST_KEY_UIApplicationSupportsIndirectInputEvents = YES;
				INFOPLIST_KEY_UILaunchScreen_Generation = YES;
				INFOPLIST_KEY_UISupportedInterfaceOrientations_iPad = "UIInterfaceOrientationPortrait UIInterfaceOrientationPortraitUpsideDown UIInterfaceOrientationLandscapeLeft UIInterfaceOrientationLandscapeRight";
				INFOPLIST_KEY_UISupportedInterfaceOrientations_iPhone = "UIInterfaceOrientationPortrait UIInterfaceOrientationLandscapeLeft UIInterfaceOrientationLandscapeRight";
				LD_RUNPATH_SEARCH_PATHS = (
					"$(inherited)",
					"@executable_path/Frameworks",
				);
				MARKETING_VERSION = 1.0;
				PRODUCT_BUNDLE_IDENTIFIER = com.SwiftUiFireBaseLogin;
				PRODUCT_NAME = "$(TARGET_NAME)";
				SWIFT_EMIT_LOC_STRINGS = YES;
				SWIFT_VERSION = 5.0;
				TARGETED_DEVICE_FAMILY = "1,2";
			};
			name = Release;
		};
/* End XCBuildConfiguration section */

/* Begin XCConfigurationList section */
		50F1AE582D5EFCE100336881 /* Build configuration list for PBXProject "SwiftUiFireBaseLogin" */ = {
			isa = XCConfigurationList;
			buildConfigurations = (
				50F1AE692D5EFCE200336881 /* Debug */,
				50F1AE6A2D5EFCE200336881 /* Release */,
			);
			defaultConfigurationIsVisible = 0;
			defaultConfigurationName = Release;
		};
		50F1AE6B2D5EFCE200336881 /* Build configuration list for PBXNativeTarget "SwiftUiFireBaseLogin" */ = {
			isa = XCConfigurationList;
			buildConfigurations = (
				50F1AE6C2D5EFCE200336881 /* Debug */,
				50F1AE6D2D5EFCE200336881 /* Release */,
			);
			defaultConfigurationIsVisible = 0;
			defaultConfigurationName = Release;
		};
/* End XCConfigurationList section */

/* Begin XCRemoteSwiftPackageReference section */
		507D3BD12D60462300D3A916 /* XCRemoteSwiftPackageReference "firebase-ios-sdk" */ = {
			isa = XCRemoteSwiftPackageReference;
			repositoryURL = "https://github.com/firebase/firebase-ios-sdk.git";
			requirement = {
				kind = upToNextMajorVersion;
				minimumVersion = 11.8.1;
			};
		};
/* End XCRemoteSwiftPackageReference section */

/* Begin XCSwiftPackageProductDependency section */
		507D3BD22D60462300D3A916 /* FirebaseAnalytics */ = {
			isa = XCSwiftPackageProductDependency;
			package = 507D3BD12D60462300D3A916 /* XCRemoteSwiftPackageReference "firebase-ios-sdk" */;
			productName = FirebaseAnalytics;
		};
		507D3BD42D60462300D3A916 /* FirebaseAnalyticsOnDeviceConversion */ = {
			isa = XCSwiftPackageProductDependency;
			package = 507D3BD12D60462300D3A916 /* XCRemoteSwiftPackageReference "firebase-ios-sdk" */;
			productName = FirebaseAnalyticsOnDeviceConversion;
		};
		507D3BD62D60462300D3A916 /* FirebaseAnalyticsWithoutAdIdSupport */ = {
			isa = XCSwiftPackageProductDependency;
			package = 507D3BD12D60462300D3A916 /* XCRemoteSwiftPackageReference "firebase-ios-sdk" */;
			productName = FirebaseAnalyticsWithoutAdIdSupport;
		};
		507D3BD82D60462300D3A916 /* FirebaseAppCheck */ = {
			isa = XCSwiftPackageProductDependency;
			package = 507D3BD12D60462300D3A916 /* XCRemoteSwiftPackageReference "firebase-ios-sdk" */;
			productName = FirebaseAppCheck;
		};
		507D3BDA2D60462300D3A916 /* FirebaseAppDistribution-Beta */ = {
			isa = XCSwiftPackageProductDependency;
			package = 507D3BD12D60462300D3A916 /* XCRemoteSwiftPackageReference "firebase-ios-sdk" */;
			productName = "FirebaseAppDistribution-Beta";
		};
		507D3BDC2D60462300D3A916 /* FirebaseAuth */ = {
			isa = XCSwiftPackageProductDependency;
			package = 507D3BD12D60462300D3A916 /* XCRemoteSwiftPackageReference "firebase-ios-sdk" */;
			productName = FirebaseAuth;
		};
		507D3BDE2D60462300D3A916 /* FirebaseAuthCombine-Community */ = {
			isa = XCSwiftPackageProductDependency;
			package = 507D3BD12D60462300D3A916 /* XCRemoteSwiftPackageReference "firebase-ios-sdk" */;
			productName = "FirebaseAuthCombine-Community";
		};
		507D3BE02D60462300D3A916 /* FirebaseCore */ = {
			isa = XCSwiftPackageProductDependency;
			package = 507D3BD12D60462300D3A916 /* XCRemoteSwiftPackageReference "firebase-ios-sdk" */;
			productName = FirebaseCore;
		};
		507D3BE22D60462300D3A916 /* FirebaseCrashlytics */ = {
			isa = XCSwiftPackageProductDependency;
			package = 507D3BD12D60462300D3A916 /* XCRemoteSwiftPackageReference "firebase-ios-sdk" */;
			productName = FirebaseCrashlytics;
		};
		507D3BE42D60462300D3A916 /* FirebaseDatabase */ = {
			isa = XCSwiftPackageProductDependency;
			package = 507D3BD12D60462300D3A916 /* XCRemoteSwiftPackageReference "firebase-ios-sdk" */;
			productName = FirebaseDatabase;
		};
		507D3BE62D60462300D3A916 /* FirebaseDynamicLinks */ = {
			isa = XCSwiftPackageProductDependency;
			package = 507D3BD12D60462300D3A916 /* XCRemoteSwiftPackageReference "firebase-ios-sdk" */;
			productName = FirebaseDynamicLinks;
		};
		507D3BE82D60462300D3A916 /* FirebaseFirestore */ = {
			isa = XCSwiftPackageProductDependency;
			package = 507D3BD12D60462300D3A916 /* XCRemoteSwiftPackageReference "firebase-ios-sdk" */;
			productName = FirebaseFirestore;
		};
		507D3BEA2D60462300D3A916 /* FirebaseFirestoreCombine-Community */ = {
			isa = XCSwiftPackageProductDependency;
			package = 507D3BD12D60462300D3A916 /* XCRemoteSwiftPackageReference "firebase-ios-sdk" */;
			productName = "FirebaseFirestoreCombine-Community";
		};
		507D3BEC2D60462300D3A916 /* FirebaseFunctions */ = {
			isa = XCSwiftPackageProductDependency;
			package = 507D3BD12D60462300D3A916 /* XCRemoteSwiftPackageReference "firebase-ios-sdk" */;
			productName = FirebaseFunctions;
		};
		507D3BEE2D60462300D3A916 /* FirebaseFunctionsCombine-Community */ = {
			isa = XCSwiftPackageProductDependency;
			package = 507D3BD12D60462300D3A916 /* XCRemoteSwiftPackageReference "firebase-ios-sdk" */;
			productName = "FirebaseFunctionsCombine-Community";
		};
		507D3BF02D60462300D3A916 /* FirebaseInAppMessaging-Beta */ = {
			isa = XCSwiftPackageProductDependency;
			package = 507D3BD12D60462300D3A916 /* XCRemoteSwiftPackageReference "firebase-ios-sdk" */;
			productName = "FirebaseInAppMessaging-Beta";
		};
		507D3BF22D60462300D3A916 /* FirebaseInstallations */ = {
			isa = XCSwiftPackageProductDependency;
			package = 507D3BD12D60462300D3A916 /* XCRemoteSwiftPackageReference "firebase-ios-sdk" */;
			productName = FirebaseInstallations;
		};
		507D3BF42D60462300D3A916 /* FirebaseMLModelDownloader */ = {
			isa = XCSwiftPackageProductDependency;
			package = 507D3BD12D60462300D3A916 /* XCRemoteSwiftPackageReference "firebase-ios-sdk" */;
			productName = FirebaseMLModelDownloader;
		};
		507D3BF62D60462300D3A916 /* FirebaseMessaging */ = {
			isa = XCSwiftPackageProductDependency;
			package = 507D3BD12D60462300D3A916 /* XCRemoteSwiftPackageReference "firebase-ios-sdk" */;
			productName = FirebaseMessaging;
		};
		507D3BF82D60462300D3A916 /* FirebasePerformance */ = {
			isa = XCSwiftPackageProductDependency;
			package = 507D3BD12D60462300D3A916 /* XCRemoteSwiftPackageReference "firebase-ios-sdk" */;
			productName = FirebasePerformance;
		};
		507D3BFA2D60462300D3A916 /* FirebaseRemoteConfig */ = {
			isa = XCSwiftPackageProductDependency;
			package = 507D3BD12D60462300D3A916 /* XCRemoteSwiftPackageReference "firebase-ios-sdk" */;
			productName = FirebaseRemoteConfig;
		};
		507D3BFC2D60462300D3A916 /* FirebaseStorage */ = {
			isa = XCSwiftPackageProductDependency;
			package = 507D3BD12D60462300D3A916 /* XCRemoteSwiftPackageReference "firebase-ios-sdk" */;
			productName = FirebaseStorage;
		};
		507D3BFE2D60462300D3A916 /* FirebaseStorageCombine-Community */ = {
			isa = XCSwiftPackageProductDependency;
			package = 507D3BD12D60462300D3A916 /* XCRemoteSwiftPackageReference "firebase-ios-sdk" */;
			productName = "FirebaseStorageCombine-Community";
		};
		507D3C002D60462300D3A916 /* FirebaseVertexAI */ = {
			isa = XCSwiftPackageProductDependency;
			package = 507D3BD12D60462300D3A916 /* XCRemoteSwiftPackageReference "firebase-ios-sdk" */;
			productName = FirebaseVertexAI;
		};
/* End XCSwiftPackageProductDependency section */
	};
	rootObject = 50F1AE552D5EFCE100336881 /* Project object */;
}
